// !$*UTF8*$!
{
	archiveVersion = 1;
	classes = {
	};
	objectVersion = 56;
	objects = {

/* Begin PBXBuildFile section */
		B0315AA1298B7D800064AE55 /* AppDelegate.swift in Sources */ = {isa = PBXBuildFile; fileRef = B0315AA0298B7D800064AE55 /* AppDelegate.swift */; };
		B0315AA3298B7D800064AE55 /* SceneDelegate.swift in Sources */ = {isa = PBXBuildFile; fileRef = B0315AA2298B7D800064AE55 /* SceneDelegate.swift */; };
		B0315AAA298B7D830064AE55 /* Assets.xcassets in Resources */ = {isa = PBXBuildFile; fileRef = B0315AA9298B7D830064AE55 /* Assets.xcassets */; };
		B0315AAD298B7D830064AE55 /* LaunchScreen.storyboard in Resources */ = {isa = PBXBuildFile; fileRef = B0315AAB298B7D830064AE55 /* LaunchScreen.storyboard */; };
		B0315AB6298B7E8E0064AE55 /* RootViewController.swift in Sources */ = {isa = PBXBuildFile; fileRef = B0315AB5298B7E8E0064AE55 /* RootViewController.swift */; };
		B0315AB9298B7F8B0064AE55 /* AppCoordinator.swift in Sources */ = {isa = PBXBuildFile; fileRef = B0315AB8298B7F8B0064AE55 /* AppCoordinator.swift */; };
		B0315ABB298B81340064AE55 /* MainCoordinator.swift in Sources */ = {isa = PBXBuildFile; fileRef = B0315ABA298B81340064AE55 /* MainCoordinator.swift */; };
		B0315ABE298B855C0064AE55 /* Article.swift in Sources */ = {isa = PBXBuildFile; fileRef = B0315ABD298B855C0064AE55 /* Article.swift */; };
		B0315AC1298B86320064AE55 /* ArticleService.swift in Sources */ = {isa = PBXBuildFile; fileRef = B0315AC0298B86320064AE55 /* ArticleService.swift */; };
		B0315AC4298B96F00064AE55 /* RootViewModel.swift in Sources */ = {isa = PBXBuildFile; fileRef = B0315AC3298B96F00064AE55 /* RootViewModel.swift */; };
		B06FAB0D298CF11E00D828B7 /* ArticleViewModel.swift in Sources */ = {isa = PBXBuildFile; fileRef = B06FAB0C298CF11E00D828B7 /* ArticleViewModel.swift */; };
		B06FAB10298CF52500D828B7 /* ArticleCell.swift in Sources */ = {isa = PBXBuildFile; fileRef = B06FAB0F298CF52500D828B7 /* ArticleCell.swift */; };
		FEE2F547F7BEE0B9C58ED692 /* Pods_RxSwift_MVVM_.framework in Frameworks */ = {isa = PBXBuildFile; fileRef = 99A1C65DB5BD7DE717E6E835 /* Pods_RxSwift_MVVM_.framework */; };
/* End PBXBuildFile section */

/* Begin PBXFileReference section */
		57B411D7526CFDC7FDD41510 /* Pods-RxSwift(MVVM).debug.xcconfig */ = {isa = PBXFileReference; includeInIndex = 1; lastKnownFileType = text.xcconfig; name = "Pods-RxSwift(MVVM).debug.xcconfig"; path = "Target Support Files/Pods-RxSwift(MVVM)/Pods-RxSwift(MVVM).debug.xcconfig"; sourceTree = "<group>"; };
		99A1C65DB5BD7DE717E6E835 /* Pods_RxSwift_MVVM_.framework */ = {isa = PBXFileReference; explicitFileType = wrapper.framework; includeInIndex = 0; path = Pods_RxSwift_MVVM_.framework; sourceTree = BUILT_PRODUCTS_DIR; };
		B0315A9D298B7D800064AE55 /* RxSwift(MVVM).app */ = {isa = PBXFileReference; explicitFileType = wrapper.application; includeInIndex = 0; path = "RxSwift(MVVM).app"; sourceTree = BUILT_PRODUCTS_DIR; };
		B0315AA0298B7D800064AE55 /* AppDelegate.swift */ = {isa = PBXFileReference; lastKnownFileType = sourcecode.swift; path = AppDelegate.swift; sourceTree = "<group>"; };
		B0315AA2298B7D800064AE55 /* SceneDelegate.swift */ = {isa = PBXFileReference; lastKnownFileType = sourcecode.swift; path = SceneDelegate.swift; sourceTree = "<group>"; };
		B0315AA9298B7D830064AE55 /* Assets.xcassets */ = {isa = PBXFileReference; lastKnownFileType = folder.assetcatalog; path = Assets.xcassets; sourceTree = "<group>"; };
		B0315AAC298B7D830064AE55 /* Base */ = {isa = PBXFileReference; lastKnownFileType = file.storyboard; name = Base; path = Base.lproj/LaunchScreen.storyboard; sourceTree = "<group>"; };
		B0315AAE298B7D830064AE55 /* Info.plist */ = {isa = PBXFileReference; lastKnownFileType = text.plist.xml; path = Info.plist; sourceTree = "<group>"; };
		B0315AB5298B7E8E0064AE55 /* RootViewController.swift */ = {isa = PBXFileReference; lastKnownFileType = sourcecode.swift; path = RootViewController.swift; sourceTree = "<group>"; };
		B0315AB8298B7F8B0064AE55 /* AppCoordinator.swift */ = {isa = PBXFileReference; lastKnownFileType = sourcecode.swift; path = AppCoordinator.swift; sourceTree = "<group>"; };
		B0315ABA298B81340064AE55 /* MainCoordinator.swift */ = {isa = PBXFileReference; lastKnownFileType = sourcecode.swift; path = MainCoordinator.swift; sourceTree = "<group>"; };
		B0315ABD298B855C0064AE55 /* Article.swift */ = {isa = PBXFileReference; lastKnownFileType = sourcecode.swift; path = Article.swift; sourceTree = "<group>"; };
		B0315AC0298B86320064AE55 /* ArticleService.swift */ = {isa = PBXFileReference; lastKnownFileType = sourcecode.swift; path = ArticleService.swift; sourceTree = "<group>"; };
		B0315AC3298B96F00064AE55 /* RootViewModel.swift */ = {isa = PBXFileReference; lastKnownFileType = sourcecode.swift; path = RootViewModel.swift; sourceTree = "<group>"; };
		B06FAB0C298CF11E00D828B7 /* ArticleViewModel.swift */ = {isa = PBXFileReference; lastKnownFileType = sourcecode.swift; path = ArticleViewModel.swift; sourceTree = "<group>"; };
		B06FAB0F298CF52500D828B7 /* ArticleCell.swift */ = {isa = PBXFileReference; lastKnownFileType = sourcecode.swift; path = ArticleCell.swift; sourceTree = "<group>"; };
		F2968FFB5FCB3DB234E5809F /* Pods-RxSwift(MVVM).release.xcconfig */ = {isa = PBXFileReference; includeInIndex = 1; lastKnownFileType = text.xcconfig; name = "Pods-RxSwift(MVVM).release.xcconfig"; path = "Target Support Files/Pods-RxSwift(MVVM)/Pods-RxSwift(MVVM).release.xcconfig"; sourceTree = "<group>"; };
/* End PBXFileReference section */

/* Begin PBXFrameworksBuildPhase section */
		B0315A9A298B7D800064AE55 /* Frameworks */ = {
			isa = PBXFrameworksBuildPhase;
			buildActionMask = 2147483647;
			files = (
				FEE2F547F7BEE0B9C58ED692 /* Pods_RxSwift_MVVM_.framework in Frameworks */,
			);
			runOnlyForDeploymentPostprocessing = 0;
		};
/* End PBXFrameworksBuildPhase section */

/* Begin PBXGroup section */
		8F3BEE9ACD89A21158876B1A /* Frameworks */ = {
			isa = PBXGroup;
			children = (
				99A1C65DB5BD7DE717E6E835 /* Pods_RxSwift_MVVM_.framework */,
			);
			name = Frameworks;
			sourceTree = "<group>";
		};
		B0315A94298B7D800064AE55 = {
			isa = PBXGroup;
			children = (
				B0315A9F298B7D800064AE55 /* RxSwift(MVVM) */,
				B0315A9E298B7D800064AE55 /* Products */,
				CED6F78E144A8123AE81FACF /* Pods */,
				8F3BEE9ACD89A21158876B1A /* Frameworks */,
			);
			sourceTree = "<group>";
		};
		B0315A9E298B7D800064AE55 /* Products */ = {
			isa = PBXGroup;
			children = (
				B0315A9D298B7D800064AE55 /* RxSwift(MVVM).app */,
			);
			name = Products;
			sourceTree = "<group>";
		};
		B0315A9F298B7D800064AE55 /* RxSwift(MVVM) */ = {
			isa = PBXGroup;
			children = (
				B06FAB0E298CF50F00D828B7 /* Cell */,
				B0315AC2298B96E50064AE55 /* ViewModels */,
				B0315ABF298B86290064AE55 /* Services */,
				B0315ABC298B85510064AE55 /* Models */,
				B0315AB7298B7F750064AE55 /* Coordinators */,
				B0315AB4298B7E7B0064AE55 /* Controllers */,
				B0315AA0298B7D800064AE55 /* AppDelegate.swift */,
				B0315AA2298B7D800064AE55 /* SceneDelegate.swift */,
				B0315AA9298B7D830064AE55 /* Assets.xcassets */,
				B0315AAB298B7D830064AE55 /* LaunchScreen.storyboard */,
				B0315AAE298B7D830064AE55 /* Info.plist */,
			);
			path = "RxSwift(MVVM)";
			sourceTree = "<group>";
		};
		B0315AB4298B7E7B0064AE55 /* Controllers */ = {
			isa = PBXGroup;
			children = (
				B0315AB5298B7E8E0064AE55 /* RootViewController.swift */,
			);
			path = Controllers;
			sourceTree = "<group>";
		};
		B0315AB7298B7F750064AE55 /* Coordinators */ = {
			isa = PBXGroup;
			children = (
				B0315AB8298B7F8B0064AE55 /* AppCoordinator.swift */,
				B0315ABA298B81340064AE55 /* MainCoordinator.swift */,
			);
			path = Coordinators;
			sourceTree = "<group>";
		};
		B0315ABC298B85510064AE55 /* Models */ = {
			isa = PBXGroup;
			children = (
				B0315ABD298B855C0064AE55 /* Article.swift */,
			);
			path = Models;
			sourceTree = "<group>";
		};
		B0315ABF298B86290064AE55 /* Services */ = {
			isa = PBXGroup;
			children = (
				B0315AC0298B86320064AE55 /* ArticleService.swift */,
			);
			path = Services;
			sourceTree = "<group>";
		};
		B0315AC2298B96E50064AE55 /* ViewModels */ = {
			isa = PBXGroup;
			children = (
				B0315AC3298B96F00064AE55 /* RootViewModel.swift */,
				B06FAB0C298CF11E00D828B7 /* ArticleViewModel.swift */,
			);
			path = ViewModels;
			sourceTree = "<group>";
		};
		B06FAB0E298CF50F00D828B7 /* Cell */ = {
			isa = PBXGroup;
			children = (
				B06FAB0F298CF52500D828B7 /* ArticleCell.swift */,
			);
			path = Cell;
			sourceTree = "<group>";
		};
		CED6F78E144A8123AE81FACF /* Pods */ = {
			isa = PBXGroup;
			children = (
				57B411D7526CFDC7FDD41510 /* Pods-RxSwift(MVVM).debug.xcconfig */,
				F2968FFB5FCB3DB234E5809F /* Pods-RxSwift(MVVM).release.xcconfig */,
			);
			path = Pods;
			sourceTree = "<group>";
		};
/* End PBXGroup section */

/* Begin PBXNativeTarget section */
		B0315A9C298B7D800064AE55 /* RxSwift(MVVM) */ = {
			isa = PBXNativeTarget;
			buildConfigurationList = B0315AB1298B7D830064AE55 /* Build configuration list for PBXNativeTarget "RxSwift(MVVM)" */;
			buildPhases = (
				6C43EF9DE020FFA9F5CEBAA5 /* [CP] Check Pods Manifest.lock */,
				B0315A99298B7D800064AE55 /* Sources */,
				B0315A9A298B7D800064AE55 /* Frameworks */,
				B0315A9B298B7D800064AE55 /* Resources */,
				02A70E3ADE985C227CA40AD7 /* [CP] Embed Pods Frameworks */,
			);
			buildRules = (
			);
			dependencies = (
			);
			name = "RxSwift(MVVM)";
			productName = "RxSwift(MVVM)";
			productReference = B0315A9D298B7D800064AE55 /* RxSwift(MVVM).app */;
			productType = "com.apple.product-type.application";
		};
/* End PBXNativeTarget section */

/* Begin PBXProject section */
		B0315A95298B7D800064AE55 /* Project object */ = {
			isa = PBXProject;
			attributes = {
				BuildIndependentTargetsInParallel = 1;
				LastSwiftUpdateCheck = 1420;
				LastUpgradeCheck = 1420;
				TargetAttributes = {
					B0315A9C298B7D800064AE55 = {
						CreatedOnToolsVersion = 14.2;
					};
				};
			};
			buildConfigurationList = B0315A98298B7D800064AE55 /* Build configuration list for PBXProject "RxSwift(MVVM)" */;
			compatibilityVersion = "Xcode 14.0";
			developmentRegion = en;
			hasScannedForEncodings = 0;
			knownRegions = (
				en,
				Base,
			);
			mainGroup = B0315A94298B7D800064AE55;
			productRefGroup = B0315A9E298B7D800064AE55 /* Products */;
			projectDirPath = "";
			projectRoot = "";
			targets = (
				B0315A9C298B7D800064AE55 /* RxSwift(MVVM) */,
			);
		};
/* End PBXProject section */

/* Begin PBXResourcesBuildPhase section */
		B0315A9B298B7D800064AE55 /* Resources */ = {
			isa = PBXResourcesBuildPhase;
			buildActionMask = 2147483647;
			files = (
				B0315AAD298B7D830064AE55 /* LaunchScreen.storyboard in Resources */,
				B0315AAA298B7D830064AE55 /* Assets.xcassets in Resources */,
			);
			runOnlyForDeploymentPostprocessing = 0;
		};
/* End PBXResourcesBuildPhase section */

/* Begin PBXShellScriptBuildPhase section */
		02A70E3ADE985C227CA40AD7 /* [CP] Embed Pods Frameworks */ = {
			isa = PBXShellScriptBuildPhase;
			buildActionMask = 2147483647;
			files = (
			);
			inputFileListPaths = (
				"${PODS_ROOT}/Target Support Files/Pods-RxSwift(MVVM)/Pods-RxSwift(MVVM)-frameworks-${CONFIGURATION}-input-files.xcfilelist",
			);
			name = "[CP] Embed Pods Frameworks";
			outputFileListPaths = (
				"${PODS_ROOT}/Target Support Files/Pods-RxSwift(MVVM)/Pods-RxSwift(MVVM)-frameworks-${CONFIGURATION}-output-files.xcfilelist",
			);
			runOnlyForDeploymentPostprocessing = 0;
			shellPath = /bin/sh;
			shellScript = "\"${PODS_ROOT}/Target Support Files/Pods-RxSwift(MVVM)/Pods-RxSwift(MVVM)-frameworks.sh\"\n";
			showEnvVarsInLog = 0;
		};
		6C43EF9DE020FFA9F5CEBAA5 /* [CP] Check Pods Manifest.lock */ = {
			isa = PBXShellScriptBuildPhase;
			buildActionMask = 2147483647;
			files = (
			);
			inputFileListPaths = (
			);
			inputPaths = (
				"${PODS_PODFILE_DIR_PATH}/Podfile.lock",
				"${PODS_ROOT}/Manifest.lock",
			);
			name = "[CP] Check Pods Manifest.lock";
			outputFileListPaths = (
			);
			outputPaths = (
				"$(DERIVED_FILE_DIR)/Pods-RxSwift(MVVM)-checkManifestLockResult.txt",
			);
			runOnlyForDeploymentPostprocessing = 0;
			shellPath = /bin/sh;
			shellScript = "diff \"${PODS_PODFILE_DIR_PATH}/Podfile.lock\" \"${PODS_ROOT}/Manifest.lock\" > /dev/null\nif [ $? != 0 ] ; then\n    # print error to STDERR\n    echo \"error: The sandbox is not in sync with the Podfile.lock. Run 'pod install' or update your CocoaPods installation.\" >&2\n    exit 1\nfi\n# This output is used by Xcode 'outputs' to avoid re-running this script phase.\necho \"SUCCESS\" > \"${SCRIPT_OUTPUT_FILE_0}\"\n";
			showEnvVarsInLog = 0;
		};
/* End PBXShellScriptBuildPhase section */

/* Begin PBXSourcesBuildPhase section */
		B0315A99298B7D800064AE55 /* Sources */ = {
			isa = PBXSourcesBuildPhase;
			buildActionMask = 2147483647;
			files = (
				B0315AB9298B7F8B0064AE55 /* AppCoordinator.swift in Sources */,
				B0315AA1298B7D800064AE55 /* AppDelegate.swift in Sources */,
				B0315ABE298B855C0064AE55 /* Article.swift in Sources */,
				B0315AC1298B86320064AE55 /* ArticleService.swift in Sources */,
				B0315AA3298B7D800064AE55 /* SceneDelegate.swift in Sources */,
				B0315ABB298B81340064AE55 /* MainCoordinator.swift in Sources */,
				B06FAB0D298CF11E00D828B7 /* ArticleViewModel.swift in Sources */,
				B0315AC4298B96F00064AE55 /* RootViewModel.swift in Sources */,
				B06FAB10298CF52500D828B7 /* ArticleCell.swift in Sources */,
				B0315AB6298B7E8E0064AE55 /* RootViewController.swift in Sources */,
			);
			runOnlyForDeploymentPostprocessing = 0;
		};
/* End PBXSourcesBuildPhase section */

/* Begin PBXVariantGroup section */
		B0315AAB298B7D830064AE55 /* LaunchScreen.storyboard */ = {
			isa = PBXVariantGroup;
			children = (
				B0315AAC298B7D830064AE55 /* Base */,
			);
			name = LaunchScreen.storyboard;
			sourceTree = "<group>";
		};
/* End PBXVariantGroup section */

/* Begin XCBuildConfiguration section */
		B0315AAF298B7D830064AE55 /* Debug */ = {
			isa = XCBuildConfiguration;
			buildSettings = {
				ALWAYS_SEARCH_USER_PATHS = NO;
				CLANG_ANALYZER_NONNULL = YES;
				CLANG_ANALYZER_NUMBER_OBJECT_CONVERSION = YES_AGGRESSIVE;
				CLANG_CXX_LANGUAGE_STANDARD = "gnu++20";
				CLANG_ENABLE_MODULES = YES;
				CLANG_ENABLE_OBJC_ARC = YES;
				CLANG_ENABLE_OBJC_WEAK = YES;
				CLANG_WARN_BLOCK_CAPTURE_AUTORELEASING = YES;
				CLANG_WARN_BOOL_CONVERSION = YES;
				CLANG_WARN_COMMA = YES;
				CLANG_WARN_CONSTANT_CONVERSION = YES;
				CLANG_WARN_DEPRECATED_OBJC_IMPLEMENTATIONS = YES;
				CLANG_WARN_DIRECT_OBJC_ISA_USAGE = YES_ERROR;
				CLANG_WARN_DOCUMENTATION_COMMENTS = YES;
				CLANG_WARN_EMPTY_BODY = YES;
				CLANG_WARN_ENUM_CONVERSION = YES;
				CLANG_WARN_INFINITE_RECURSION = YES;
				CLANG_WARN_INT_CONVERSION = YES;
				CLANG_WARN_NON_LITERAL_NULL_CONVERSION = YES;
				CLANG_WARN_OBJC_IMPLICIT_RETAIN_SELF = YES;
				CLANG_WARN_OBJC_LITERAL_CONVERSION = YES;
				CLANG_WARN_OBJC_ROOT_CLASS = YES_ERROR;
				CLANG_WARN_QUOTED_INCLUDE_IN_FRAMEWORK_HEADER = YES;
				CLANG_WARN_RANGE_LOOP_ANALYSIS = YES;
				CLANG_WARN_STRICT_PROTOTYPES = YES;
				CLANG_WARN_SUSPICIOUS_MOVE = YES;
				CLANG_WARN_UNGUARDED_AVAILABILITY = YES_AGGRESSIVE;
				CLANG_WARN_UNREACHABLE_CODE = YES;
				CLANG_WARN__DUPLICATE_METHOD_MATCH = YES;
				COPY_PHASE_STRIP = NO;
				DEBUG_INFORMATION_FORMAT = dwarf;
				ENABLE_STRICT_OBJC_MSGSEND = YES;
				ENABLE_TESTABILITY = YES;
				GCC_C_LANGUAGE_STANDARD = gnu11;
				GCC_DYNAMIC_NO_PIC = NO;
				GCC_NO_COMMON_BLOCKS = YES;
				GCC_OPTIMIZATION_LEVEL = 0;
				GCC_PREPROCESSOR_DEFINITIONS = (
					"DEBUG=1",
					"$(inherited)",
				);
				GCC_WARN_64_TO_32_BIT_CONVERSION = YES;
				GCC_WARN_ABOUT_RETURN_TYPE = YES_ERROR;
				GCC_WARN_UNDECLARED_SELECTOR = YES;
				GCC_WARN_UNINITIALIZED_AUTOS = YES_AGGRESSIVE;
				GCC_WARN_UNUSED_FUNCTION = YES;
				GCC_WARN_UNUSED_VARIABLE = YES;
				IPHONEOS_DEPLOYMENT_TARGET = 16.2;
				MTL_ENABLE_DEBUG_INFO = INCLUDE_SOURCE;
				MTL_FAST_MATH = YES;
				ONLY_ACTIVE_ARCH = YES;
				SDKROOT = iphoneos;
				SWIFT_ACTIVE_COMPILATION_CONDITIONS = DEBUG;
				SWIFT_OPTIMIZATION_LEVEL = "-Onone";
			};
			name = Debug;
		};
		B0315AB0298B7D830064AE55 /* Release */ = {
			isa = XCBuildConfiguration;
			buildSettings = {
				ALWAYS_SEARCH_USER_PATHS = NO;
				CLANG_ANALYZER_NONNULL = YES;
				CLANG_ANALYZER_NUMBER_OBJECT_CONVERSION = YES_AGGRESSIVE;
				CLANG_CXX_LANGUAGE_STANDARD = "gnu++20";
				CLANG_ENABLE_MODULES = YES;
				CLANG_ENABLE_OBJC_ARC = YES;
				CLANG_ENABLE_OBJC_WEAK = YES;
				CLANG_WARN_BLOCK_CAPTURE_AUTORELEASING = YES;
				CLANG_WARN_BOOL_CONVERSION = YES;
				CLANG_WARN_COMMA = YES;
				CLANG_WARN_CONSTANT_CONVERSION = YES;
				CLANG_WARN_DEPRECATED_OBJC_IMPLEMENTATIONS = YES;
				CLANG_WARN_DIRECT_OBJC_ISA_USAGE = YES_ERROR;
				CLANG_WARN_DOCUMENTATION_COMMENTS = YES;
				CLANG_WARN_EMPTY_BODY = YES;
				CLANG_WARN_ENUM_CONVERSION = YES;
				CLANG_WARN_INFINITE_RECURSION = YES;
				CLANG_WARN_INT_CONVERSION = YES;
				CLANG_WARN_NON_LITERAL_NULL_CONVERSION = YES;
				CLANG_WARN_OBJC_IMPLICIT_RETAIN_SELF = YES;
				CLANG_WARN_OBJC_LITERAL_CONVERSION = YES;
				CLANG_WARN_OBJC_ROOT_CLASS = YES_ERROR;
				CLANG_WARN_QUOTED_INCLUDE_IN_FRAMEWORK_HEADER = YES;
				CLANG_WARN_RANGE_LOOP_ANALYSIS = YES;
				CLANG_WARN_STRICT_PROTOTYPES = YES;
				CLANG_WARN_SUSPICIOUS_MOVE = YES;
				CLANG_WARN_UNGUARDED_AVAILABILITY = YES_AGGRESSIVE;
				CLANG_WARN_UNREACHABLE_CODE = YES;
				CLANG_WARN__DUPLICATE_METHOD_MATCH = YES;
				COPY_PHASE_STRIP = NO;
				DEBUG_INFORMATION_FORMAT = "dwarf-with-dsym";
				ENABLE_NS_ASSERTIONS = NO;
				ENABLE_STRICT_OBJC_MSGSEND = YES;
				GCC_C_LANGUAGE_STANDARD = gnu11;
				GCC_NO_COMMON_BLOCKS = YES;
				GCC_WARN_64_TO_32_BIT_CONVERSION = YES;
				GCC_WARN_ABOUT_RETURN_TYPE = YES_ERROR;
				GCC_WARN_UNDECLARED_SELECTOR = YES;
				GCC_WARN_UNINITIALIZED_AUTOS = YES_AGGRESSIVE;
				GCC_WARN_UNUSED_FUNCTION = YES;
				GCC_WARN_UNUSED_VARIABLE = YES;
				IPHONEOS_DEPLOYMENT_TARGET = 16.2;
				MTL_ENABLE_DEBUG_INFO = NO;
				MTL_FAST_MATH = YES;
				SDKROOT = iphoneos;
				SWIFT_COMPILATION_MODE = wholemodule;
				SWIFT_OPTIMIZATION_LEVEL = "-O";
				VALIDATE_PRODUCT = YES;
			};
			name = Release;
		};
		B0315AB2298B7D830064AE55 /* Debug */ = {
			isa = XCBuildConfiguration;
			baseConfigurationReference = 57B411D7526CFDC7FDD41510 /* Pods-RxSwift(MVVM).debug.xcconfig */;
			buildSettings = {
				ASSETCATALOG_COMPILER_APPICON_NAME = AppIcon;
				ASSETCATALOG_COMPILER_GLOBAL_ACCENT_COLOR_NAME = AccentColor;
				CODE_SIGN_STYLE = Automatic;
				CURRENT_PROJECT_VERSION = 1;
				DEVELOPMENT_TEAM = J2J2A4T2U9;
				GENERATE_INFOPLIST_FILE = YES;
				INFOPLIST_FILE = "RxSwift(MVVM)/Info.plist";
				INFOPLIST_KEY_UIApplicationSupportsIndirectInputEvents = YES;
				INFOPLIST_KEY_UILaunchStoryboardName = LaunchScreen;
				INFOPLIST_KEY_UISupportedInterfaceOrientations_iPad = "UIInterfaceOrientationPortrait UIInterfaceOrientationPortraitUpsideDown UIInterfaceOrientationLandscapeLeft UIInterfaceOrientationLandscapeRight";
				INFOPLIST_KEY_UISupportedInterfaceOrientations_iPhone = "UIInterfaceOrientationPortrait UIInterfaceOrientationLandscapeLeft UIInterfaceOrientationLandscapeRight";
				LD_RUNPATH_SEARCH_PATHS = (
					"$(inherited)",
					"@executable_path/Frameworks",
				);
				MARKETING_VERSION = 1.0;
				PRODUCT_BUNDLE_IDENTIFIER = "Dev-Ozzy.RxSwift-MVVM-";
				PRODUCT_NAME = "$(TARGET_NAME)";
				SWIFT_EMIT_LOC_STRINGS = YES;
				SWIFT_VERSION = 5.0;
				TARGETED_DEVICE_FAMILY = "1,2";
			};
			name = Debug;
		};
		B0315AB3298B7D830064AE55 /* Release */ = {
			isa = XCBuildConfiguration;
			baseConfigurationReference = F2968FFB5FCB3DB234E5809F /* Pods-RxSwift(MVVM).release.xcconfig */;
			buildSettings = {
				ASSETCATALOG_COMPILER_APPICON_NAME = AppIcon;
				ASSETCATALOG_COMPILER_GLOBAL_ACCENT_COLOR_NAME = AccentColor;
				CODE_SIGN_STYLE = Automatic;
				CURRENT_PROJECT_VERSION = 1;
				DEVELOPMENT_TEAM = J2J2A4T2U9;
				GENERATE_INFOPLIST_FILE = YES;
				INFOPLIST_FILE = "RxSwift(MVVM)/Info.plist";
				INFOPLIST_KEY_UIApplicationSupportsIndirectInputEvents = YES;
				INFOPLIST_KEY_UILaunchStoryboardName = LaunchScreen;
				INFOPLIST_KEY_UISupportedInterfaceOrientations_iPad = "UIInterfaceOrientationPortrait UIInterfaceOrientationPortraitUpsideDown UIInterfaceOrientationLandscapeLeft UIInterfaceOrientationLandscapeRight";
				INFOPLIST_KEY_UISupportedInterfaceOrientations_iPhone = "UIInterfaceOrientationPortrait UIInterfaceOrientationLandscapeLeft UIInterfaceOrientationLandscapeRight";
				LD_RUNPATH_SEARCH_PATHS = (
					"$(inherited)",
					"@executable_path/Frameworks",
				);
				MARKETING_VERSION = 1.0;
				PRODUCT_BUNDLE_IDENTIFIER = "Dev-Ozzy.RxSwift-MVVM-";
				PRODUCT_NAME = "$(TARGET_NAME)";
				SWIFT_EMIT_LOC_STRINGS = YES;
				SWIFT_VERSION = 5.0;
				TARGETED_DEVICE_FAMILY = "1,2";
			};
			name = Release;
		};
/* End XCBuildConfiguration section */

/* Begin XCConfigurationList section */
		B0315A98298B7D800064AE55 /* Build configuration list for PBXProject "RxSwift(MVVM)" */ = {
			isa = XCConfigurationList;
			buildConfigurations = (
				B0315AAF298B7D830064AE55 /* Debug */,
				B0315AB0298B7D830064AE55 /* Release */,
			);
			defaultConfigurationIsVisible = 0;
			defaultConfigurationName = Release;
		};
		B0315AB1298B7D830064AE55 /* Build configuration list for PBXNativeTarget "RxSwift(MVVM)" */ = {
			isa = XCConfigurationList;
			buildConfigurations = (
				B0315AB2298B7D830064AE55 /* Debug */,
				B0315AB3298B7D830064AE55 /* Release */,
			);
			defaultConfigurationIsVisible = 0;
			defaultConfigurationName = Release;
		};
/* End XCConfigurationList section */
	};
	rootObject = B0315A95298B7D800064AE55 /* Project object */;
}
